
Microsoft Visual Studio Solution File, Format Version 12.00
# Visual Studio 15
VisualStudioVersion = 15.0.28307.329
MinimumVisualStudioVersion = 10.0.40219.1
Project("{FAE04EC0-301F-11D3-BF4B-00C04F79EFBC}") = "UserLogin", "UserLogin\UserLogin.csproj", "{ACFABE73-4C71-49EE-9C73-CDBBDF56DE88}"
EndProject
Global
	GlobalSection(SolutionConfigurationPlatforms) = preSolution
		Debug|Any CPU = Debug|Any CPU
		Release|Any CPU = Release|Any CPU
	EndGlobalSection
	GlobalSection(ProjectConfigurationPlatforms) = postSolution
		{ACFABE73-4C71-49EE-9C73-CDBBDF56DE88}.Debug|Any CPU.ActiveCfg = Debug|Any CPU
		{ACFABE73-4C71-49EE-9C73-CDBBDF56DE88}.Debug|Any CPU.Build.0 = Debug|Any CPU
		{ACFABE73-4C71-49EE-9C73-CDBBDF56DE88}.Release|Any CPU.ActiveCfg = Release|Any CPU
		{ACFABE73-4C71-49EE-9C73-CDBBDF56DE88}.Release|Any CPU.Build.0 = Release|Any CPU
	EndGlobalSection
	GlobalSection(SolutionProperties) = preSolution
		HideSolutionNode = FALSE
	EndGlobalSection
	GlobalSection(ExtensibilityGlobals) = postSolution
		SolutionGuid = {59FE2CF4-9899-4D4C-98E7-CE7761683094}
	EndGlobalSection
EndGlobal
