
Microsoft Visual Studio Solution File, Format Version 12.00
# Visual Studio 2012
Project("{FAE04EC0-301F-11D3-BF4B-00C04F79EFBC}") = "UniversitySystem", "UniversitySystem\UniversitySystem.csproj", "{CF15AC73-7045-40FB-92EE-60B3940CC4CD}"
EndProject
Project("{FAE04EC0-301F-11D3-BF4B-00C04F79EFBC}") = "Concepts", "Concepts\Concepts.csproj", "{6606274C-89CC-43E6-B780-4B09C124DD50}"
EndProject
Project("{FAE04EC0-301F-11D3-BF4B-00C04F79EFBC}") = "StudentRepository", "StudentRepository\StudentRepository.csproj", "{E992310C-3302-46B0-ADBA-8E4385355AC5}"
EndProject
Project("{FAE04EC0-301F-11D3-BF4B-00C04F79EFBC}") = "StudentInfoSystem", "StudentInfoSystem\StudentInfoSystem.csproj", "{04208921-1E0F-4EFC-8CA8-146B986A070F}"
EndProject
Project("{FAE04EC0-301F-11D3-BF4B-00C04F79EFBC}") = "WPFhello", "WPFhello\WPFhello.csproj", "{645214EE-5059-4E64-A5FE-4C1AD433AD6A}"
EndProject
Global
	GlobalSection(SolutionConfigurationPlatforms) = preSolution
		Debug|Any CPU = Debug|Any CPU
		Release|Any CPU = Release|Any CPU
	EndGlobalSection
	GlobalSection(ProjectConfigurationPlatforms) = postSolution
		{CF15AC73-7045-40FB-92EE-60B3940CC4CD}.Debug|Any CPU.ActiveCfg = Debug|Any CPU
		{CF15AC73-7045-40FB-92EE-60B3940CC4CD}.Debug|Any CPU.Build.0 = Debug|Any CPU
		{CF15AC73-7045-40FB-92EE-60B3940CC4CD}.Release|Any CPU.ActiveCfg = Release|Any CPU
		{CF15AC73-7045-40FB-92EE-60B3940CC4CD}.Release|Any CPU.Build.0 = Release|Any CPU
		{6606274C-89CC-43E6-B780-4B09C124DD50}.Debug|Any CPU.ActiveCfg = Debug|Any CPU
		{6606274C-89CC-43E6-B780-4B09C124DD50}.Debug|Any CPU.Build.0 = Debug|Any CPU
		{6606274C-89CC-43E6-B780-4B09C124DD50}.Release|Any CPU.ActiveCfg = Release|Any CPU
		{6606274C-89CC-43E6-B780-4B09C124DD50}.Release|Any CPU.Build.0 = Release|Any CPU
		{E992310C-3302-46B0-ADBA-8E4385355AC5}.Debug|Any CPU.ActiveCfg = Debug|Any CPU
		{E992310C-3302-46B0-ADBA-8E4385355AC5}.Debug|Any CPU.Build.0 = Debug|Any CPU
		{E992310C-3302-46B0-ADBA-8E4385355AC5}.Release|Any CPU.ActiveCfg = Release|Any CPU
		{E992310C-3302-46B0-ADBA-8E4385355AC5}.Release|Any CPU.Build.0 = Release|Any CPU
		{04208921-1E0F-4EFC-8CA8-146B986A070F}.Debug|Any CPU.ActiveCfg = Debug|Any CPU
		{04208921-1E0F-4EFC-8CA8-146B986A070F}.Debug|Any CPU.Build.0 = Debug|Any CPU
		{04208921-1E0F-4EFC-8CA8-146B986A070F}.Release|Any CPU.ActiveCfg = Release|Any CPU
		{04208921-1E0F-4EFC-8CA8-146B986A070F}.Release|Any CPU.Build.0 = Release|Any CPU
		{645214EE-5059-4E64-A5FE-4C1AD433AD6A}.Debug|Any CPU.ActiveCfg = Debug|Any CPU
		{645214EE-5059-4E64-A5FE-4C1AD433AD6A}.Debug|Any CPU.Build.0 = Debug|Any CPU
		{645214EE-5059-4E64-A5FE-4C1AD433AD6A}.Release|Any CPU.ActiveCfg = Release|Any CPU
		{645214EE-5059-4E64-A5FE-4C1AD433AD6A}.Release|Any CPU.Build.0 = Release|Any CPU
	EndGlobalSection
	GlobalSection(SolutionProperties) = preSolution
		HideSolutionNode = FALSE
	EndGlobalSection
EndGlobal
